Microsoft Visual Studio Solution File, Format Version 12.00
# Visual Studio Version 17
VisualStudioVersion = 17.2.32630.192
MinimumVisualStudioVersion = 10.0.40219.1
Project("{2150E333-8FDC-42A3-9474-1A3956D46DE8}") = "Solution Items", "Solution Items", "{EF518D6D-FA52-4B12-AF47-0C46C0BC434D}"
	ProjectSection(SolutionItems) = preProject
		.editorconfig = .editorconfig
		CodeCoverage.runsettings = CodeCoverage.runsettings
		src\CommonAssemblyInfo.props = src\CommonAssemblyInfo.props
		src\deploy-tes-docker-image.sh = src\deploy-tes-docker-image.sh
		src\Directory.Build.props = src\Directory.Build.props
		src\Dockerfile-Tes = src\Dockerfile-Tes
	EndProjectSection
EndProject
Project("{9A19103F-16F7-4668-BE54-9A1E7A4F7556}") = "TesApi.Web", "src\TesApi.Web\TesApi.Web.csproj", "{80BB1AF3-4789-4CF6-ABF3-EB2195838730}"
EndProject
Project("{9A19103F-16F7-4668-BE54-9A1E7A4F7556}") = "TesApi.Tests", "src\TesApi.Tests\TesApi.Tests.csproj", "{DF9A590B-20EC-4245-ADD2-6B4C4C29B680}"
EndProject
Project("{9A19103F-16F7-4668-BE54-9A1E7A4F7556}") = "Tes", "src\Tes\Tes.csproj", "{63C91E1C-640C-4281-8388-971908009CAE}"
EndProject
Project("{9A19103F-16F7-4668-BE54-9A1E7A4F7556}") = "deploy-tes-on-azure", "src\deploy-tes-on-azure\deploy-tes-on-azure.csproj", "{3B690BDA-3390-442C-A8A6-0EAEEB0E98AD}"
	ProjectSection(ProjectDependencies) = postProject
		{63C91E1C-640C-4281-8388-971908009CAE} = {63C91E1C-640C-4281-8388-971908009CAE}
	EndProjectSection
EndProject
Project("{9A19103F-16F7-4668-BE54-9A1E7A4F7556}") = "deploy-tes-on-azure.Tests", "src\deploy-tes-on-azure.Tests\deploy-tes-on-azure.Tests.csproj", "{19A5D64F-5252-4FE7-B7CD-49BDC9185A1B}"
EndProject
Project("{9A19103F-16F7-4668-BE54-9A1E7A4F7556}") = "CommonUtilities", "src\CommonUtilities\CommonUtilities.csproj", "{D863F869-4C87-4C4C-AF6A-A699E7301C83}"
EndProject
Project("{9A19103F-16F7-4668-BE54-9A1E7A4F7556}") = "CommonUtilities.Tests", "src\CommonUtilities.Tests\CommonUtilities.Tests.csproj", "{B4E82DE4-16F7-40D5-9619-702A7EECBE92}"
EndProject
Project("{9A19103F-16F7-4668-BE54-9A1E7A4F7556}") = "GenerateBatchVmSkus", "src\GenerateBatchVmSkus\GenerateBatchVmSkus.csproj", "{23C29BA5-3A52-4356-9220-FC84FE32E43E}"
	ProjectSection(ProjectDependencies) = postProject
		{36B45D5B-0C96-4B26-B077-57C4D09DB799} = {36B45D5B-0C96-4B26-B077-57C4D09DB799}
	EndProjectSection
EndProject
Project("{9A19103F-16F7-4668-BE54-9A1E7A4F7556}") = "Tes.Runner", "src\Tes.Runner\Tes.Runner.csproj", "{7CD31F61-DB85-43C7-BA2C-5C46732AB6E9}"
EndProject
Project("{9A19103F-16F7-4668-BE54-9A1E7A4F7556}") = "Tes.Runner.Test", "src\Tes.Runner.Test\Tes.Runner.Test.csproj", "{F47560D0-2C03-4FA5-95B8-B4833FD0CF5B}"
EndProject
Project("{9A19103F-16F7-4668-BE54-9A1E7A4F7556}") = "Tes.RunnerCLI", "src\Tes.RunnerCLI\Tes.RunnerCLI.csproj", "{D5DFB5A4-2E18-456A-9A29-5BD8C82DF250}"
EndProject
Project("{9A19103F-16F7-4668-BE54-9A1E7A4F7556}") = "Tes.ApiClients", "src\Tes.ApiClients\Tes.ApiClients.csproj", "{36B45D5B-0C96-4B26-B077-57C4D09DB799}"
EndProject
Project("{9A19103F-16F7-4668-BE54-9A1E7A4F7556}") = "Tes.ApiClients.Tests", "src\Tes.ApiClients.Tests\Tes.ApiClients.Tests.csproj", "{FDD8FB67-8C8D-4D84-8D4C-FEEA644F4745}"
EndProject
Project("{2150E333-8FDC-42A3-9474-1A3956D46DE8}") = "VM Monitoring", "VM Monitoring", "{1166E860-5DBB-478F-9A1E-848A74D6D1AD}"
	ProjectSection(SolutionItems) = preProject
		src\build_tes_remote.sh = src\build_tes_remote.sh
		src\create_tes_debug_pool.sh = src\create_tes_debug_pool.sh
		src\docker_deploy.sh = src\docker_deploy.sh
		src\tes_pool_config.json = src\tes_pool_config.json
	EndProjectSection
EndProject
Project("{2150E333-8FDC-42A3-9474-1A3956D46DE8}") = "vm_monitor", "vm_monitor", "{DDF9389C-F5D0-4998-A53C-9505608B1FF6}"
	ProjectSection(SolutionItems) = preProject
		src\vm_monitor\build_tes_deployment_archive.sh = src\vm_monitor\build_tes_deployment_archive.sh
		src\vm_monitor\README.md = src\vm_monitor\README.md
	EndProjectSection
EndProject
Project("{2150E333-8FDC-42A3-9474-1A3956D46DE8}") = "telegraf", "telegraf", "{28A0F8E6-A63B-4378-90B0-773F61CF7C15}"
	ProjectSection(SolutionItems) = preProject
		src\vm_monitor\telegraf\build_telegraf_remote.sh = src\vm_monitor\telegraf\build_telegraf_remote.sh
		src\vm_monitor\telegraf\Dockerfile = src\vm_monitor\telegraf\Dockerfile
		src\vm_monitor\telegraf\telegraf = src\vm_monitor\telegraf\telegraf
		src\vm_monitor\telegraf\telegraf.dummy.conf = src\vm_monitor\telegraf\telegraf.dummy.conf
	EndProjectSection
EndProject
Project("{2150E333-8FDC-42A3-9474-1A3956D46DE8}") = "azure_append_blob", "azure_append_blob", "{34E5A67E-9E8A-413C-B437-2E60A0658E93}"
	ProjectSection(SolutionItems) = preProject
		src\vm_monitor\telegraf\azure_append_blob\azure_append_blob.go = src\vm_monitor\telegraf\azure_append_blob\azure_append_blob.go
		src\vm_monitor\telegraf\azure_append_blob\README.md = src\vm_monitor\telegraf\azure_append_blob\README.md
		src\vm_monitor\telegraf\azure_append_blob\sample.conf = src\vm_monitor\telegraf\azure_append_blob\sample.conf
	EndProjectSection
EndProject
Project("{2150E333-8FDC-42A3-9474-1A3956D46DE8}") = "all", "all", "{63D64305-E8F5-48CA-974A-1B59CF8E68FB}"
	ProjectSection(SolutionItems) = preProject
		src\vm_monitor\telegraf\all\azure_append_blob.go = src\vm_monitor\telegraf\all\azure_append_blob.go
	EndProjectSection
EndProject
Project("{2150E333-8FDC-42A3-9474-1A3956D46DE8}") = "vm_monitor_scripts", "vm_monitor_scripts", "{63ACE1DA-967C-4416-BD83-2540B84E8FE4}"
	ProjectSection(SolutionItems) = preProject
		src\vm_monitor\vm_monitor_scripts\clean_log.py = src\vm_monitor\vm_monitor_scripts\clean_log.py
		src\vm_monitor\vm_monitor_scripts\collect_azure_vm_perf.sh = src\vm_monitor\vm_monitor_scripts\collect_azure_vm_perf.sh
		src\vm_monitor\vm_monitor_scripts\get_batch_agent_values.sh = src\vm_monitor\vm_monitor_scripts\get_batch_agent_values.sh
		src\vm_monitor\vm_monitor_scripts\get_imds_and_nvme_metatada.sh = src\vm_monitor\vm_monitor_scripts\get_imds_and_nvme_metatada.sh
		src\vm_monitor\vm_monitor_scripts\get_linux_boot_iso_timestamp.sh = src\vm_monitor\vm_monitor_scripts\get_linux_boot_iso_timestamp.sh
		src\vm_monitor\vm_monitor_scripts\parse_extended_cpu_info.py = src\vm_monitor\vm_monitor_scripts\parse_extended_cpu_info.py
		src\vm_monitor\vm_monitor_scripts\parse_imds_and_nvme_metadata.py = src\vm_monitor\vm_monitor_scripts\parse_imds_and_nvme_metadata.py
		src\vm_monitor\vm_monitor_scripts\run_telegraf.sh = src\vm_monitor\vm_monitor_scripts\run_telegraf.sh
		src\vm_monitor\vm_monitor_scripts\start_vm_node_monitoring.sh = src\vm_monitor\vm_monitor_scripts\start_vm_node_monitoring.sh
		src\vm_monitor\vm_monitor_scripts\telegraf_helper.py = src\vm_monitor\vm_monitor_scripts\telegraf_helper.py
		src\vm_monitor\vm_monitor_scripts\tes_vm_monitor.continuous.conf = src\vm_monitor\vm_monitor_scripts\tes_vm_monitor.continuous.conf
		src\vm_monitor\vm_monitor_scripts\tes_vm_monitor.once.conf = src\vm_monitor\vm_monitor_scripts\tes_vm_monitor.once.conf
	EndProjectSection
EndProject
Global
	GlobalSection(SolutionConfigurationPlatforms) = preSolution
		Debug|Any CPU = Debug|Any CPU
		Release|Any CPU = Release|Any CPU
	EndGlobalSection
	GlobalSection(ProjectConfigurationPlatforms) = postSolution
		{80BB1AF3-4789-4CF6-ABF3-EB2195838730}.Debug|Any CPU.ActiveCfg = Debug|Any CPU
		{80BB1AF3-4789-4CF6-ABF3-EB2195838730}.Debug|Any CPU.Build.0 = Debug|Any CPU
		{80BB1AF3-4789-4CF6-ABF3-EB2195838730}.Release|Any CPU.ActiveCfg = Release|Any CPU
		{80BB1AF3-4789-4CF6-ABF3-EB2195838730}.Release|Any CPU.Build.0 = Release|Any CPU
		{DF9A590B-20EC-4245-ADD2-6B4C4C29B680}.Debug|Any CPU.ActiveCfg = Debug|Any CPU
		{DF9A590B-20EC-4245-ADD2-6B4C4C29B680}.Debug|Any CPU.Build.0 = Debug|Any CPU
		{DF9A590B-20EC-4245-ADD2-6B4C4C29B680}.Release|Any CPU.ActiveCfg = Release|Any CPU
		{DF9A590B-20EC-4245-ADD2-6B4C4C29B680}.Release|Any CPU.Build.0 = Release|Any CPU
		{63C91E1C-640C-4281-8388-971908009CAE}.Debug|Any CPU.ActiveCfg = Debug|Any CPU
		{63C91E1C-640C-4281-8388-971908009CAE}.Debug|Any CPU.Build.0 = Debug|Any CPU
		{63C91E1C-640C-4281-8388-971908009CAE}.Release|Any CPU.ActiveCfg = Release|Any CPU
		{63C91E1C-640C-4281-8388-971908009CAE}.Release|Any CPU.Build.0 = Release|Any CPU
		{3B690BDA-3390-442C-A8A6-0EAEEB0E98AD}.Debug|Any CPU.ActiveCfg = Debug|Any CPU
		{3B690BDA-3390-442C-A8A6-0EAEEB0E98AD}.Debug|Any CPU.Build.0 = Debug|Any CPU
		{3B690BDA-3390-442C-A8A6-0EAEEB0E98AD}.Release|Any CPU.ActiveCfg = Release|Any CPU
		{3B690BDA-3390-442C-A8A6-0EAEEB0E98AD}.Release|Any CPU.Build.0 = Release|Any CPU
		{19A5D64F-5252-4FE7-B7CD-49BDC9185A1B}.Debug|Any CPU.ActiveCfg = Debug|Any CPU
		{19A5D64F-5252-4FE7-B7CD-49BDC9185A1B}.Debug|Any CPU.Build.0 = Debug|Any CPU
		{19A5D64F-5252-4FE7-B7CD-49BDC9185A1B}.Release|Any CPU.ActiveCfg = Release|Any CPU
		{19A5D64F-5252-4FE7-B7CD-49BDC9185A1B}.Release|Any CPU.Build.0 = Release|Any CPU
		{D863F869-4C87-4C4C-AF6A-A699E7301C83}.Debug|Any CPU.ActiveCfg = Debug|Any CPU
		{D863F869-4C87-4C4C-AF6A-A699E7301C83}.Debug|Any CPU.Build.0 = Debug|Any CPU
		{D863F869-4C87-4C4C-AF6A-A699E7301C83}.Release|Any CPU.ActiveCfg = Release|Any CPU
		{D863F869-4C87-4C4C-AF6A-A699E7301C83}.Release|Any CPU.Build.0 = Release|Any CPU
		{B4E82DE4-16F7-40D5-9619-702A7EECBE92}.Debug|Any CPU.ActiveCfg = Debug|Any CPU
		{B4E82DE4-16F7-40D5-9619-702A7EECBE92}.Debug|Any CPU.Build.0 = Debug|Any CPU
		{B4E82DE4-16F7-40D5-9619-702A7EECBE92}.Release|Any CPU.ActiveCfg = Release|Any CPU
		{B4E82DE4-16F7-40D5-9619-702A7EECBE92}.Release|Any CPU.Build.0 = Release|Any CPU
		{23C29BA5-3A52-4356-9220-FC84FE32E43E}.Debug|Any CPU.ActiveCfg = Debug|Any CPU
		{23C29BA5-3A52-4356-9220-FC84FE32E43E}.Debug|Any CPU.Build.0 = Debug|Any CPU
		{23C29BA5-3A52-4356-9220-FC84FE32E43E}.Release|Any CPU.ActiveCfg = Release|Any CPU
		{23C29BA5-3A52-4356-9220-FC84FE32E43E}.Release|Any CPU.Build.0 = Release|Any CPU
		{7CD31F61-DB85-43C7-BA2C-5C46732AB6E9}.Debug|Any CPU.ActiveCfg = Debug|Any CPU
		{7CD31F61-DB85-43C7-BA2C-5C46732AB6E9}.Debug|Any CPU.Build.0 = Debug|Any CPU
		{7CD31F61-DB85-43C7-BA2C-5C46732AB6E9}.Release|Any CPU.ActiveCfg = Release|Any CPU
		{7CD31F61-DB85-43C7-BA2C-5C46732AB6E9}.Release|Any CPU.Build.0 = Release|Any CPU
		{F47560D0-2C03-4FA5-95B8-B4833FD0CF5B}.Debug|Any CPU.ActiveCfg = Debug|Any CPU
		{F47560D0-2C03-4FA5-95B8-B4833FD0CF5B}.Debug|Any CPU.Build.0 = Debug|Any CPU
		{F47560D0-2C03-4FA5-95B8-B4833FD0CF5B}.Release|Any CPU.ActiveCfg = Release|Any CPU
		{F47560D0-2C03-4FA5-95B8-B4833FD0CF5B}.Release|Any CPU.Build.0 = Release|Any CPU
		{D5DFB5A4-2E18-456A-9A29-5BD8C82DF250}.Debug|Any CPU.ActiveCfg = Debug|Any CPU
		{D5DFB5A4-2E18-456A-9A29-5BD8C82DF250}.Debug|Any CPU.Build.0 = Debug|Any CPU
		{D5DFB5A4-2E18-456A-9A29-5BD8C82DF250}.Release|Any CPU.ActiveCfg = Release|Any CPU
		{D5DFB5A4-2E18-456A-9A29-5BD8C82DF250}.Release|Any CPU.Build.0 = Release|Any CPU
		{36B45D5B-0C96-4B26-B077-57C4D09DB799}.Debug|Any CPU.ActiveCfg = Debug|Any CPU
		{36B45D5B-0C96-4B26-B077-57C4D09DB799}.Debug|Any CPU.Build.0 = Debug|Any CPU
		{36B45D5B-0C96-4B26-B077-57C4D09DB799}.Release|Any CPU.ActiveCfg = Release|Any CPU
		{36B45D5B-0C96-4B26-B077-57C4D09DB799}.Release|Any CPU.Build.0 = Release|Any CPU
		{FDD8FB67-8C8D-4D84-8D4C-FEEA644F4745}.Debug|Any CPU.ActiveCfg = Debug|Any CPU
		{FDD8FB67-8C8D-4D84-8D4C-FEEA644F4745}.Debug|Any CPU.Build.0 = Debug|Any CPU
		{FDD8FB67-8C8D-4D84-8D4C-FEEA644F4745}.Release|Any CPU.ActiveCfg = Release|Any CPU
		{FDD8FB67-8C8D-4D84-8D4C-FEEA644F4745}.Release|Any CPU.Build.0 = Release|Any CPU
	EndGlobalSection
	GlobalSection(SolutionProperties) = preSolution
		HideSolutionNode = FALSE
	EndGlobalSection
	GlobalSection(NestedProjects) = preSolution
		{1166E860-5DBB-478F-9A1E-848A74D6D1AD} = {EF518D6D-FA52-4B12-AF47-0C46C0BC434D}
		{DDF9389C-F5D0-4998-A53C-9505608B1FF6} = {1166E860-5DBB-478F-9A1E-848A74D6D1AD}
		{28A0F8E6-A63B-4378-90B0-773F61CF7C15} = {DDF9389C-F5D0-4998-A53C-9505608B1FF6}
		{34E5A67E-9E8A-413C-B437-2E60A0658E93} = {28A0F8E6-A63B-4378-90B0-773F61CF7C15}
		{63D64305-E8F5-48CA-974A-1B59CF8E68FB} = {28A0F8E6-A63B-4378-90B0-773F61CF7C15}
		{63ACE1DA-967C-4416-BD83-2540B84E8FE4} = {DDF9389C-F5D0-4998-A53C-9505608B1FF6}
	EndGlobalSection
	GlobalSection(ExtensibilityGlobals) = postSolution
		SolutionGuid = {67AD4797-6B55-4CF7-A9BB-A83921479EA7}
	EndGlobalSection
EndGlobal
