
Microsoft Visual Studio Solution File, Format Version 12.00
# Visual Studio Version 16
VisualStudioVersion = 25.0.1704.2
MinimumVisualStudioVersion = 10.0.40219.1
Project("{FAE04EC0-301F-11D3-BF4B-00C04F79EFBC}") = "deploy-tes-on-azure", "deploy-tes-on-azure\deploy-tes-on-azure.csproj", "{FF498E66-992D-44DE-A7DF-D57FA5CDFFF0}"
EndProject
Project("{FAE04EC0-301F-11D3-BF4B-00C04F79EFBC}") = "deploy-tes-on-azure.Tests", "deploy-tes-on-azure.Tests\deploy-tes-on-azure.Tests.csproj", "{D21DE838-152C-4D91-AC11-83A59CE8F535}"
EndProject
Project("{FAE04EC0-301F-11D3-BF4B-00C04F79EFBC}") = "Tes", "Tes\Tes.csproj", "{D66778DE-09E3-4914-A140-812F762AA420}"
EndProject
Project("{FAE04EC0-301F-11D3-BF4B-00C04F79EFBC}") = "TesApi.Web", "TesApi.Web\TesApi.Web.csproj", "{BBAA0FA6-AF28-4EF1-A4D1-36870E46CBB2}"
EndProject
Project("{FAE04EC0-301F-11D3-BF4B-00C04F79EFBC}") = "TesApi.Tests", "TesApi.Tests\TesApi.Tests.csproj", "{D5614606-5B69-4BB4-9C46-37FD9E309588}"
EndProject
Global
	GlobalSection(SolutionConfigurationPlatforms) = preSolution
		Debug|Any CPU = Debug|Any CPU
		Release|Any CPU = Release|Any CPU
	EndGlobalSection
	GlobalSection(ProjectConfigurationPlatforms) = postSolution
		{FF498E66-992D-44DE-A7DF-D57FA5CDFFF0}.Debug|Any CPU.ActiveCfg = Debug|Any CPU
		{FF498E66-992D-44DE-A7DF-D57FA5CDFFF0}.Debug|Any CPU.Build.0 = Debug|Any CPU
		{FF498E66-992D-44DE-A7DF-D57FA5CDFFF0}.Release|Any CPU.ActiveCfg = Release|Any CPU
		{FF498E66-992D-44DE-A7DF-D57FA5CDFFF0}.Release|Any CPU.Build.0 = Release|Any CPU
		{D21DE838-152C-4D91-AC11-83A59CE8F535}.Debug|Any CPU.ActiveCfg = Debug|Any CPU
		{D21DE838-152C-4D91-AC11-83A59CE8F535}.Debug|Any CPU.Build.0 = Debug|Any CPU
		{D21DE838-152C-4D91-AC11-83A59CE8F535}.Release|Any CPU.ActiveCfg = Release|Any CPU
		{D21DE838-152C-4D91-AC11-83A59CE8F535}.Release|Any CPU.Build.0 = Release|Any CPU
		{D66778DE-09E3-4914-A140-812F762AA420}.Debug|Any CPU.ActiveCfg = Debug|Any CPU
		{D66778DE-09E3-4914-A140-812F762AA420}.Debug|Any CPU.Build.0 = Debug|Any CPU
		{D66778DE-09E3-4914-A140-812F762AA420}.Release|Any CPU.ActiveCfg = Release|Any CPU
		{D66778DE-09E3-4914-A140-812F762AA420}.Release|Any CPU.Build.0 = Release|Any CPU
		{BBAA0FA6-AF28-4EF1-A4D1-36870E46CBB2}.Debug|Any CPU.ActiveCfg = Debug|Any CPU
		{BBAA0FA6-AF28-4EF1-A4D1-36870E46CBB2}.Debug|Any CPU.Build.0 = Debug|Any CPU
		{BBAA0FA6-AF28-4EF1-A4D1-36870E46CBB2}.Release|Any CPU.ActiveCfg = Release|Any CPU
		{BBAA0FA6-AF28-4EF1-A4D1-36870E46CBB2}.Release|Any CPU.Build.0 = Release|Any CPU
		{D5614606-5B69-4BB4-9C46-37FD9E309588}.Debug|Any CPU.ActiveCfg = Debug|Any CPU
		{D5614606-5B69-4BB4-9C46-37FD9E309588}.Debug|Any CPU.Build.0 = Debug|Any CPU
		{D5614606-5B69-4BB4-9C46-37FD9E309588}.Release|Any CPU.ActiveCfg = Release|Any CPU
		{D5614606-5B69-4BB4-9C46-37FD9E309588}.Release|Any CPU.Build.0 = Release|Any CPU
	EndGlobalSection
	GlobalSection(SolutionProperties) = preSolution
		HideSolutionNode = FALSE
	EndGlobalSection
	GlobalSection(ExtensibilityGlobals) = postSolution
		SolutionGuid = {92D2628A-461B-41E3-99A0-50A4513C4084}
	EndGlobalSection
EndGlobal
